// !$*UTF8*$!
{
	archiveVersion = 1;
	classes = {
	};
	objectVersion = 46;
	objects = {

/* Begin PBXBuildFile section */
		B4F143B41B6984D1009BDA6B /* AppDelegate.swift in Sources */ = {isa = PBXBuildFile; fileRef = B4F143B31B6984D1009BDA6B /* AppDelegate.swift */; };
		B4F143B61B6984D1009BDA6B /* GameScene.swift in Sources */ = {isa = PBXBuildFile; fileRef = B4F143B51B6984D1009BDA6B /* GameScene.swift */; };
		B4F143B81B6984D1009BDA6B /* GameScene.sks in Resources */ = {isa = PBXBuildFile; fileRef = B4F143B71B6984D1009BDA6B /* GameScene.sks */; };
		B4F143BA1B6984D1009BDA6B /* Images.xcassets in Resources */ = {isa = PBXBuildFile; fileRef = B4F143B91B6984D1009BDA6B /* Images.xcassets */; };
		B4F143BD1B6984D1009BDA6B /* MainMenu.xib in Resources */ = {isa = PBXBuildFile; fileRef = B4F143BB1B6984D1009BDA6B /* MainMenu.xib */; };
		B4F143C91B6984D1009BDA6B /* LATWTests.swift in Sources */ = {isa = PBXBuildFile; fileRef = B4F143C81B6984D1009BDA6B /* LATWTests.swift */; };
/* End PBXBuildFile section */

/* Begin PBXContainerItemProxy section */
		B4F143C31B6984D1009BDA6B /* PBXContainerItemProxy */ = {
			isa = PBXContainerItemProxy;
			containerPortal = B4F143A61B6984D1009BDA6B /* Project object */;
			proxyType = 1;
			remoteGlobalIDString = B4F143AD1B6984D1009BDA6B;
			remoteInfo = LATW;
		};
/* End PBXContainerItemProxy section */

/* Begin PBXFileReference section */
		B4F143AE1B6984D1009BDA6B /* LATW.app */ = {isa = PBXFileReference; explicitFileType = wrapper.application; includeInIndex = 0; path = LATW.app; sourceTree = BUILT_PRODUCTS_DIR; };
		B4F143B21B6984D1009BDA6B /* Info.plist */ = {isa = PBXFileReference; lastKnownFileType = text.plist.xml; path = Info.plist; sourceTree = "<group>"; };
		B4F143B31B6984D1009BDA6B /* AppDelegate.swift */ = {isa = PBXFileReference; lastKnownFileType = sourcecode.swift; path = AppDelegate.swift; sourceTree = "<group>"; };
		B4F143B51B6984D1009BDA6B /* GameScene.swift */ = {isa = PBXFileReference; lastKnownFileType = sourcecode.swift; path = GameScene.swift; sourceTree = "<group>"; };
		B4F143B71B6984D1009BDA6B /* GameScene.sks */ = {isa = PBXFileReference; lastKnownFileType = file.sks; path = GameScene.sks; sourceTree = "<group>"; };
		B4F143B91B6984D1009BDA6B /* Images.xcassets */ = {isa = PBXFileReference; lastKnownFileType = folder.assetcatalog; path = Images.xcassets; sourceTree = "<group>"; };
		B4F143BC1B6984D1009BDA6B /* Base */ = {isa = PBXFileReference; lastKnownFileType = file.xib; name = Base; path = Base.lproj/MainMenu.xib; sourceTree = "<group>"; };
		B4F143C21B6984D1009BDA6B /* LATWTests.xctest */ = {isa = PBXFileReference; explicitFileType = wrapper.cfbundle; includeInIndex = 0; path = LATWTests.xctest; sourceTree = BUILT_PRODUCTS_DIR; };
		B4F143C71B6984D1009BDA6B /* Info.plist */ = {isa = PBXFileReference; lastKnownFileType = text.plist.xml; path = Info.plist; sourceTree = "<group>"; };
		B4F143C81B6984D1009BDA6B /* LATWTests.swift */ = {isa = PBXFileReference; lastKnownFileType = sourcecode.swift; path = LATWTests.swift; sourceTree = "<group>"; };
/* End PBXFileReference section */

/* Begin PBXFrameworksBuildPhase section */
		B4F143AB1B6984D1009BDA6B /* Frameworks */ = {
			isa = PBXFrameworksBuildPhase;
			buildActionMask = 2147483647;
			files = (
			);
			runOnlyForDeploymentPostprocessing = 0;
		};
		B4F143BF1B6984D1009BDA6B /* Frameworks */ = {
			isa = PBXFrameworksBuildPhase;
			buildActionMask = 2147483647;
			files = (
			);
			runOnlyForDeploymentPostprocessing = 0;
		};
/* End PBXFrameworksBuildPhase section */

/* Begin PBXGroup section */
		B4F143A51B6984D1009BDA6B = {
			isa = PBXGroup;
			children = (
				B4F143B01B6984D1009BDA6B /* LATW */,
				B4F143C51B6984D1009BDA6B /* LATWTests */,
				B4F143AF1B6984D1009BDA6B /* Products */,
			);
			sourceTree = "<group>";
		};
		B4F143AF1B6984D1009BDA6B /* Products */ = {
			isa = PBXGroup;
			children = (
				B4F143AE1B6984D1009BDA6B /* LATW.app */,
				B4F143C21B6984D1009BDA6B /* LATWTests.xctest */,
			);
			name = Products;
			sourceTree = "<group>";
		};
		B4F143B01B6984D1009BDA6B /* LATW */ = {
			isa = PBXGroup;
			children = (
				B4F143B31B6984D1009BDA6B /* AppDelegate.swift */,
				B4F143B51B6984D1009BDA6B /* GameScene.swift */,
				B4F143B71B6984D1009BDA6B /* GameScene.sks */,
				B4F143B91B6984D1009BDA6B /* Images.xcassets */,
				B4F143BB1B6984D1009BDA6B /* MainMenu.xib */,
				B4F143B11B6984D1009BDA6B /* Supporting Files */,
			);
			path = LATW;
			sourceTree = "<group>";
		};
		B4F143B11B6984D1009BDA6B /* Supporting Files */ = {
			isa = PBXGroup;
			children = (
				B4F143B21B6984D1009BDA6B /* Info.plist */,
			);
			name = "Supporting Files";
			sourceTree = "<group>";
		};
		B4F143C51B6984D1009BDA6B /* LATWTests */ = {
			isa = PBXGroup;
			children = (
				B4F143C81B6984D1009BDA6B /* LATWTests.swift */,
				B4F143C61B6984D1009BDA6B /* Supporting Files */,
			);
			path = LATWTests;
			sourceTree = "<group>";
		};
		B4F143C61B6984D1009BDA6B /* Supporting Files */ = {
			isa = PBXGroup;
			children = (
				B4F143C71B6984D1009BDA6B /* Info.plist */,
			);
			name = "Supporting Files";
			sourceTree = "<group>";
		};
/* End PBXGroup section */

/* Begin PBXNativeTarget section */
		B4F143AD1B6984D1009BDA6B /* LATW */ = {
			isa = PBXNativeTarget;
			buildConfigurationList = B4F143CC1B6984D1009BDA6B /* Build configuration list for PBXNativeTarget "LATW" */;
			buildPhases = (
				B4F143AA1B6984D1009BDA6B /* Sources */,
				B4F143AB1B6984D1009BDA6B /* Frameworks */,
				B4F143AC1B6984D1009BDA6B /* Resources */,
			);
			buildRules = (
			);
			dependencies = (
			);
			name = LATW;
			productName = LATW;
			productReference = B4F143AE1B6984D1009BDA6B /* LATW.app */;
			productType = "com.apple.product-type.application";
		};
		B4F143C11B6984D1009BDA6B /* LATWTests */ = {
			isa = PBXNativeTarget;
			buildConfigurationList = B4F143CF1B6984D1009BDA6B /* Build configuration list for PBXNativeTarget "LATWTests" */;
			buildPhases = (
				B4F143BE1B6984D1009BDA6B /* Sources */,
				B4F143BF1B6984D1009BDA6B /* Frameworks */,
				B4F143C01B6984D1009BDA6B /* Resources */,
			);
			buildRules = (
			);
			dependencies = (
				B4F143C41B6984D1009BDA6B /* PBXTargetDependency */,
			);
			name = LATWTests;
			productName = LATWTests;
			productReference = B4F143C21B6984D1009BDA6B /* LATWTests.xctest */;
			productType = "com.apple.product-type.bundle.unit-test";
		};
/* End PBXNativeTarget section */

/* Begin PBXProject section */
		B4F143A61B6984D1009BDA6B /* Project object */ = {
			isa = PBXProject;
			attributes = {
				LastUpgradeCheck = 0640;
				ORGANIZATIONNAME = "Andrew Molloy";
				TargetAttributes = {
					B4F143AD1B6984D1009BDA6B = {
						CreatedOnToolsVersion = 6.4;
					};
					B4F143C11B6984D1009BDA6B = {
						CreatedOnToolsVersion = 6.4;
						TestTargetID = B4F143AD1B6984D1009BDA6B;
					};
				};
			};
			buildConfigurationList = B4F143A91B6984D1009BDA6B /* Build configuration list for PBXProject "LATW" */;
			compatibilityVersion = "Xcode 3.2";
			developmentRegion = English;
			hasScannedForEncodings = 0;
			knownRegions = (
				en,
				Base,
			);
			mainGroup = B4F143A51B6984D1009BDA6B;
			productRefGroup = B4F143AF1B6984D1009BDA6B /* Products */;
			projectDirPath = "";
			projectRoot = "";
			targets = (
				B4F143AD1B6984D1009BDA6B /* LATW */,
				B4F143C11B6984D1009BDA6B /* LATWTests */,
			);
		};
/* End PBXProject section */

/* Begin PBXResourcesBuildPhase section */
		B4F143AC1B6984D1009BDA6B /* Resources */ = {
			isa = PBXResourcesBuildPhase;
			buildActionMask = 2147483647;
			files = (
				B4F143B81B6984D1009BDA6B /* GameScene.sks in Resources */,
				B4F143BA1B6984D1009BDA6B /* Images.xcassets in Resources */,
				B4F143BD1B6984D1009BDA6B /* MainMenu.xib in Resources */,
			);
			runOnlyForDeploymentPostprocessing = 0;
		};
		B4F143C01B6984D1009BDA6B /* Resources */ = {
			isa = PBXResourcesBuildPhase;
			buildActionMask = 2147483647;
			files = (
			);
			runOnlyForDeploymentPostprocessing = 0;
		};
/* End PBXResourcesBuildPhase section */

/* Begin PBXSourcesBuildPhase section */
		B4F143AA1B6984D1009BDA6B /* Sources */ = {
			isa = PBXSourcesBuildPhase;
			buildActionMask = 2147483647;
			files = (
				B4F143B61B6984D1009BDA6B /* GameScene.swift in Sources */,
				B4F143B41B6984D1009BDA6B /* AppDelegate.swift in Sources */,
			);
			runOnlyForDeploymentPostprocessing = 0;
		};
		B4F143BE1B6984D1009BDA6B /* Sources */ = {
			isa = PBXSourcesBuildPhase;
			buildActionMask = 2147483647;
			files = (
				B4F143C91B6984D1009BDA6B /* LATWTests.swift in Sources */,
			);
			runOnlyForDeploymentPostprocessing = 0;
		};
/* End PBXSourcesBuildPhase section */

/* Begin PBXTargetDependency section */
		B4F143C41B6984D1009BDA6B /* PBXTargetDependency */ = {
			isa = PBXTargetDependency;
			target = B4F143AD1B6984D1009BDA6B /* LATW */;
			targetProxy = B4F143C31B6984D1009BDA6B /* PBXContainerItemProxy */;
		};
/* End PBXTargetDependency section */

/* Begin PBXVariantGroup section */
		B4F143BB1B6984D1009BDA6B /* MainMenu.xib */ = {
			isa = PBXVariantGroup;
			children = (
				B4F143BC1B6984D1009BDA6B /* Base */,
			);
			name = MainMenu.xib;
			sourceTree = "<group>";
		};
/* End PBXVariantGroup section */

/* Begin XCBuildConfiguration section */
		B4F143CA1B6984D1009BDA6B /* Debug */ = {
			isa = XCBuildConfiguration;
			buildSettings = {
				ALWAYS_SEARCH_USER_PATHS = NO;
				CLANG_CXX_LANGUAGE_STANDARD = "gnu++0x";
				CLANG_CXX_LIBRARY = "libc++";
				CLANG_ENABLE_MODULES = YES;
				CLANG_ENABLE_OBJC_ARC = YES;
				CLANG_WARN_BOOL_CONVERSION = YES;
				CLANG_WARN_CONSTANT_CONVERSION = YES;
				CLANG_WARN_DIRECT_OBJC_ISA_USAGE = YES_ERROR;
				CLANG_WARN_EMPTY_BODY = YES;
				CLANG_WARN_ENUM_CONVERSION = YES;
				CLANG_WARN_INT_CONVERSION = YES;
				CLANG_WARN_OBJC_ROOT_CLASS = YES_ERROR;
				CLANG_WARN_UNREACHABLE_CODE = YES;
				CLANG_WARN__DUPLICATE_METHOD_MATCH = YES;
				CODE_SIGN_IDENTITY = "-";
				COPY_PHASE_STRIP = NO;
				DEBUG_INFORMATION_FORMAT = dwarf;
				ENABLE_STRICT_OBJC_MSGSEND = YES;
				GCC_C_LANGUAGE_STANDARD = gnu99;
				GCC_DYNAMIC_NO_PIC = NO;
				GCC_NO_COMMON_BLOCKS = YES;
				GCC_OPTIMIZATION_LEVEL = 0;
				GCC_PREPROCESSOR_DEFINITIONS = (
					"DEBUG=1",
					"$(inherited)",
				);
				GCC_SYMBOLS_PRIVATE_EXTERN = NO;
				GCC_WARN_64_TO_32_BIT_CONVERSION = YES;
				GCC_WARN_ABOUT_RETURN_TYPE = YES_ERROR;
				GCC_WARN_UNDECLARED_SELECTOR = YES;
				GCC_WARN_UNINITIALIZED_AUTOS = YES_AGGRESSIVE;
				GCC_WARN_UNUSED_FUNCTION = YES;
				GCC_WARN_UNUSED_VARIABLE = YES;
				MACOSX_DEPLOYMENT_TARGET = 10.11;
				MTL_ENABLE_DEBUG_INFO = YES;
				ONLY_ACTIVE_ARCH = YES;
				SDKROOT = macosx;
				SWIFT_OPTIMIZATION_LEVEL = "-Onone";
			};
			name = Debug;
		};
		B4F143CB1B6984D1009BDA6B /* Release */ = {
			isa = XCBuildConfiguration;
			buildSettings = {
				ALWAYS_SEARCH_USER_PATHS = NO;
				CLANG_CXX_LANGUAGE_STANDARD = "gnu++0x";
				CLANG_CXX_LIBRARY = "libc++";
				CLANG_ENABLE_MODULES = YES;
				CLANG_ENABLE_OBJC_ARC = YES;
				CLANG_WARN_BOOL_CONVERSION = YES;
				CLANG_WARN_CONSTANT_CONVERSION = YES;
				CLANG_WARN_DIRECT_OBJC_ISA_USAGE = YES_ERROR;
				CLANG_WARN_EMPTY_BODY = YES;
				CLANG_WARN_ENUM_CONVERSION = YES;
				CLANG_WARN_INT_CONVERSION = YES;
				CLANG_WARN_OBJC_ROOT_CLASS = YES_ERROR;
				CLANG_WARN_UNREACHABLE_CODE = YES;
				CLANG_WARN__DUPLICATE_METHOD_MATCH = YES;
				CODE_SIGN_IDENTITY = "-";
				COPY_PHASE_STRIP = NO;
				DEBUG_INFORMATION_FORMAT = "dwarf-with-dsym";
				ENABLE_NS_ASSERTIONS = NO;
				ENABLE_STRICT_OBJC_MSGSEND = YES;
				GCC_C_LANGUAGE_STANDARD = gnu99;
				GCC_NO_COMMON_BLOCKS = YES;
				GCC_WARN_64_TO_32_BIT_CONVERSION = YES;
				GCC_WARN_ABOUT_RETURN_TYPE = YES_ERROR;
				GCC_WARN_UNDECLARED_SELECTOR = YES;
				GCC_WARN_UNINITIALIZED_AUTOS = YES_AGGRESSIVE;
				GCC_WARN_UNUSED_FUNCTION = YES;
				GCC_WARN_UNUSED_VARIABLE = YES;
				MACOSX_DEPLOYMENT_TARGET = 10.11;
				MTL_ENABLE_DEBUG_INFO = NO;
				SDKROOT = macosx;
			};
			name = Release;
		};
		B4F143CD1B6984D1009BDA6B /* Debug */ = {
			isa = XCBuildConfiguration;
			buildSettings = {
				ASSETCATALOG_COMPILER_APPICON_NAME = AppIcon;
				COMBINE_HIDPI_IMAGES = YES;
				INFOPLIST_FILE = LATW/Info.plist;
				LD_RUNPATH_SEARCH_PATHS = "$(inherited) @executable_path/../Frameworks";
				PRODUCT_NAME = "$(TARGET_NAME)";
			};
			name = Debug;
		};
		B4F143CE1B6984D1009BDA6B /* Release */ = {
			isa = XCBuildConfiguration;
			buildSettings = {
				ASSETCATALOG_COMPILER_APPICON_NAME = AppIcon;
				COMBINE_HIDPI_IMAGES = YES;
				INFOPLIST_FILE = LATW/Info.plist;
				LD_RUNPATH_SEARCH_PATHS = "$(inherited) @executable_path/../Frameworks";
				PRODUCT_NAME = "$(TARGET_NAME)";
			};
			name = Release;
		};
		B4F143D01B6984D1009BDA6B /* Debug */ = {
			isa = XCBuildConfiguration;
			buildSettings = {
				BUNDLE_LOADER = "$(TEST_HOST)";
				COMBINE_HIDPI_IMAGES = YES;
				FRAMEWORK_SEARCH_PATHS = (
					"$(DEVELOPER_FRAMEWORKS_DIR)",
					"$(inherited)",
				);
				GCC_PREPROCESSOR_DEFINITIONS = (
					"DEBUG=1",
					"$(inherited)",
				);
				INFOPLIST_FILE = LATWTests/Info.plist;
				LD_RUNPATH_SEARCH_PATHS = "$(inherited) @executable_path/../Frameworks @loader_path/../Frameworks";
				PRODUCT_NAME = "$(TARGET_NAME)";
				TEST_HOST = "$(BUILT_PRODUCTS_DIR)/LATW.app/Contents/MacOS/LATW";
			};
			name = Debug;
		};
		B4F143D11B6984D1009BDA6B /* Release */ = {
			isa = XCBuildConfiguration;
			buildSettings = {
				BUNDLE_LOADER = "$(TEST_HOST)";
				COMBINE_HIDPI_IMAGES = YES;
				FRAMEWORK_SEARCH_PATHS = (
					"$(DEVELOPER_FRAMEWORKS_DIR)",
					"$(inherited)",
				);
				INFOPLIST_FILE = LATWTests/Info.plist;
				LD_RUNPATH_SEARCH_PATHS = "$(inherited) @executable_path/../Frameworks @loader_path/../Frameworks";
				PRODUCT_NAME = "$(TARGET_NAME)";
				TEST_HOST = "$(BUILT_PRODUCTS_DIR)/LATW.app/Contents/MacOS/LATW";
			};
			name = Release;
		};
/* End XCBuildConfiguration section */

/* Begin XCConfigurationList section */
		B4F143A91B6984D1009BDA6B /* Build configuration list for PBXProject "LATW" */ = {
			isa = XCConfigurationList;
			buildConfigurations = (
				B4F143CA1B6984D1009BDA6B /* Debug */,
				B4F143CB1B6984D1009BDA6B /* Release */,
			);
			defaultConfigurationIsVisible = 0;
			defaultConfigurationName = Release;
		};
		B4F143CC1B6984D1009BDA6B /* Build configuration list for PBXNativeTarget "LATW" */ = {
			isa = XCConfigurationList;
			buildConfigurations = (
				B4F143CD1B6984D1009BDA6B /* Debug */,
				B4F143CE1B6984D1009BDA6B /* Release */,
			);
			defaultConfigurationIsVisible = 0;
		};
		B4F143CF1B6984D1009BDA6B /* Build configuration list for PBXNativeTarget "LATWTests" */ = {
			isa = XCConfigurationList;
			buildConfigurations = (
				B4F143D01B6984D1009BDA6B /* Debug */,
				B4F143D11B6984D1009BDA6B /* Release */,
			);
			defaultConfigurationIsVisible = 0;
		};
/* End XCConfigurationList section */
	};
	rootObject = B4F143A61B6984D1009BDA6B /* Project object */;
}
